// !$*UTF8*$!
{
	archiveVersion = 1;
	classes = {
	};
	objectVersion = 55;
	objects = {

/* Begin PBXBuildFile section */
		92BBADF12A6E9BEA00DB50F2 /* Expence_TrackerApp.swift in Sources */ = {isa = PBXBuildFile; fileRef = 92BBADF02A6E9BEA00DB50F2 /* Expence_TrackerApp.swift */; };
		92BBADF32A6E9BEA00DB50F2 /* ContentView.swift in Sources */ = {isa = PBXBuildFile; fileRef = 92BBADF22A6E9BEA00DB50F2 /* ContentView.swift */; };
		92BBADF52A6E9BF000DB50F2 /* Assets.xcassets in Resources */ = {isa = PBXBuildFile; fileRef = 92BBADF42A6E9BF000DB50F2 /* Assets.xcassets */; };
		92BBADF82A6E9BF000DB50F2 /* Preview Assets.xcassets in Resources */ = {isa = PBXBuildFile; fileRef = 92BBADF72A6E9BF000DB50F2 /* Preview Assets.xcassets */; };
		92BBADFF2A6EA18600DB50F2 /* Extensions.swift in Sources */ = {isa = PBXBuildFile; fileRef = 92BBADFE2A6EA18600DB50F2 /* Extensions.swift */; };
		92BBAE012A6EA81100DB50F2 /* TransactionModel.swift in Sources */ = {isa = PBXBuildFile; fileRef = 92BBAE002A6EA81100DB50F2 /* TransactionModel.swift */; };
		92BBAE032A6EAF0300DB50F2 /* PreviewData.swift in Sources */ = {isa = PBXBuildFile; fileRef = 92BBAE022A6EAF0300DB50F2 /* PreviewData.swift */; };
		92BBAE052A6EB01A00DB50F2 /* TransactionRow.swift in Sources */ = {isa = PBXBuildFile; fileRef = 92BBAE042A6EB01A00DB50F2 /* TransactionRow.swift */; };
/* End PBXBuildFile section */

/* Begin PBXFileReference section */
		92BBADED2A6E9BEA00DB50F2 /* Expence Tracker.app */ = {isa = PBXFileReference; explicitFileType = wrapper.application; includeInIndex = 0; path = "Expence Tracker.app"; sourceTree = BUILT_PRODUCTS_DIR; };
		92BBADF02A6E9BEA00DB50F2 /* Expence_TrackerApp.swift */ = {isa = PBXFileReference; lastKnownFileType = sourcecode.swift; path = Expence_TrackerApp.swift; sourceTree = "<group>"; };
		92BBADF22A6E9BEA00DB50F2 /* ContentView.swift */ = {isa = PBXFileReference; lastKnownFileType = sourcecode.swift; path = ContentView.swift; sourceTree = "<group>"; };
		92BBADF42A6E9BF000DB50F2 /* Assets.xcassets */ = {isa = PBXFileReference; lastKnownFileType = folder.assetcatalog; path = Assets.xcassets; sourceTree = "<group>"; };
		92BBADF72A6E9BF000DB50F2 /* Preview Assets.xcassets */ = {isa = PBXFileReference; lastKnownFileType = folder.assetcatalog; path = "Preview Assets.xcassets"; sourceTree = "<group>"; };
		92BBADFE2A6EA18600DB50F2 /* Extensions.swift */ = {isa = PBXFileReference; lastKnownFileType = sourcecode.swift; path = Extensions.swift; sourceTree = "<group>"; };
		92BBAE002A6EA81100DB50F2 /* TransactionModel.swift */ = {isa = PBXFileReference; lastKnownFileType = sourcecode.swift; path = TransactionModel.swift; sourceTree = "<group>"; };
		92BBAE022A6EAF0300DB50F2 /* PreviewData.swift */ = {isa = PBXFileReference; lastKnownFileType = sourcecode.swift; path = PreviewData.swift; sourceTree = "<group>"; };
		92BBAE042A6EB01A00DB50F2 /* TransactionRow.swift */ = {isa = PBXFileReference; lastKnownFileType = sourcecode.swift; path = TransactionRow.swift; sourceTree = "<group>"; };
/* End PBXFileReference section */

/* Begin PBXFrameworksBuildPhase section */
		92BBADEA2A6E9BEA00DB50F2 /* Frameworks */ = {
			isa = PBXFrameworksBuildPhase;
			buildActionMask = 2147483647;
			files = (
			);
			runOnlyForDeploymentPostprocessing = 0;
		};
/* End PBXFrameworksBuildPhase section */

/* Begin PBXGroup section */
		92BBADE42A6E9BEA00DB50F2 = {
			isa = PBXGroup;
			children = (
				92BBADEF2A6E9BEA00DB50F2 /* Expence Tracker */,
				92BBADEE2A6E9BEA00DB50F2 /* Products */,
			);
			sourceTree = "<group>";
		};
		92BBADEE2A6E9BEA00DB50F2 /* Products */ = {
			isa = PBXGroup;
			children = (
				92BBADED2A6E9BEA00DB50F2 /* Expence Tracker.app */,
			);
			name = Products;
			sourceTree = "<group>";
		};
		92BBADEF2A6E9BEA00DB50F2 /* Expence Tracker */ = {
			isa = PBXGroup;
			children = (
				92BBADF02A6E9BEA00DB50F2 /* Expence_TrackerApp.swift */,
				92BBADF22A6E9BEA00DB50F2 /* ContentView.swift */,
				92BBAE042A6EB01A00DB50F2 /* TransactionRow.swift */,
				92BBADF42A6E9BF000DB50F2 /* Assets.xcassets */,
				92BBADF62A6E9BF000DB50F2 /* Preview Content */,
				92BBADFE2A6EA18600DB50F2 /* Extensions.swift */,
				92BBAE002A6EA81100DB50F2 /* TransactionModel.swift */,
			);
			path = "Expence Tracker";
			sourceTree = "<group>";
		};
		92BBADF62A6E9BF000DB50F2 /* Preview Content */ = {
			isa = PBXGroup;
			children = (
				92BBADF72A6E9BF000DB50F2 /* Preview Assets.xcassets */,
				92BBAE022A6EAF0300DB50F2 /* PreviewData.swift */,
			);
			path = "Preview Content";
			sourceTree = "<group>";
		};
/* End PBXGroup section */

/* Begin PBXNativeTarget section */
		92BBADEC2A6E9BEA00DB50F2 /* Expence Tracker */ = {
			isa = PBXNativeTarget;
			buildConfigurationList = 92BBADFB2A6E9BF000DB50F2 /* Build configuration list for PBXNativeTarget "Expence Tracker" */;
			buildPhases = (
				92BBADE92A6E9BEA00DB50F2 /* Sources */,
				92BBADEA2A6E9BEA00DB50F2 /* Frameworks */,
				92BBADEB2A6E9BEA00DB50F2 /* Resources */,
			);
			buildRules = (
			);
			dependencies = (
			);
			name = "Expence Tracker";
			productName = "Expence Tracker";
			productReference = 92BBADED2A6E9BEA00DB50F2 /* Expence Tracker.app */;
			productType = "com.apple.product-type.application";
		};
/* End PBXNativeTarget section */

/* Begin PBXProject section */
		92BBADE52A6E9BEA00DB50F2 /* Project object */ = {
			isa = PBXProject;
			attributes = {
				BuildIndependentTargetsInParallel = 1;
				LastSwiftUpdateCheck = 1330;
				LastUpgradeCheck = 1330;
				TargetAttributes = {
					92BBADEC2A6E9BEA00DB50F2 = {
						CreatedOnToolsVersion = 13.3;
					};
				};
			};
			buildConfigurationList = 92BBADE82A6E9BEA00DB50F2 /* Build configuration list for PBXProject "Expence Tracker" */;
			compatibilityVersion = "Xcode 13.0";
			developmentRegion = en;
			hasScannedForEncodings = 0;
			knownRegions = (
				en,
				Base,
			);
			mainGroup = 92BBADE42A6E9BEA00DB50F2;
			productRefGroup = 92BBADEE2A6E9BEA00DB50F2 /* Products */;
			projectDirPath = "";
			projectRoot = "";
			targets = (
				92BBADEC2A6E9BEA00DB50F2 /* Expence Tracker */,
			);
		};
/* End PBXProject section */

/* Begin PBXResourcesBuildPhase section */
		92BBADEB2A6E9BEA00DB50F2 /* Resources */ = {
			isa = PBXResourcesBuildPhase;
			buildActionMask = 2147483647;
			files = (
				92BBADF82A6E9BF000DB50F2 /* Preview Assets.xcassets in Resources */,
				92BBADF52A6E9BF000DB50F2 /* Assets.xcassets in Resources */,
			);
			runOnlyForDeploymentPostprocessing = 0;
		};
/* End PBXResourcesBuildPhase section */

/* Begin PBXSourcesBuildPhase section */
		92BBADE92A6E9BEA00DB50F2 /* Sources */ = {
			isa = PBXSourcesBuildPhase;
			buildActionMask = 2147483647;
			files = (
				92BBAE032A6EAF0300DB50F2 /* PreviewData.swift in Sources */,
				92BBAE012A6EA81100DB50F2 /* TransactionModel.swift in Sources */,
				92BBADF32A6E9BEA00DB50F2 /* ContentView.swift in Sources */,
				92BBAE052A6EB01A00DB50F2 /* TransactionRow.swift in Sources */,
				92BBADFF2A6EA18600DB50F2 /* Extensions.swift in Sources */,
				92BBADF12A6E9BEA00DB50F2 /* Expence_TrackerApp.swift in Sources */,
			);
			runOnlyForDeploymentPostprocessing = 0;
		};
/* End PBXSourcesBuildPhase section */

/* Begin XCBuildConfiguration section */
		92BBADF92A6E9BF000DB50F2 /* Debug */ = {
			isa = XCBuildConfiguration;
			buildSettings = {
				ALWAYS_SEARCH_USER_PATHS = NO;
				CLANG_ANALYZER_NONNULL = YES;
				CLANG_ANALYZER_NUMBER_OBJECT_CONVERSION = YES_AGGRESSIVE;
				CLANG_CXX_LANGUAGE_STANDARD = "gnu++17";
				CLANG_ENABLE_MODULES = YES;
				CLANG_ENABLE_OBJC_ARC = YES;
				CLANG_ENABLE_OBJC_WEAK = YES;
				CLANG_WARN_BLOCK_CAPTURE_AUTORELEASING = YES;
				CLANG_WARN_BOOL_CONVERSION = YES;
				CLANG_WARN_COMMA = YES;
				CLANG_WARN_CONSTANT_CONVERSION = YES;
				CLANG_WARN_DEPRECATED_OBJC_IMPLEMENTATIONS = YES;
				CLANG_WARN_DIRECT_OBJC_ISA_USAGE = YES_ERROR;
				CLANG_WARN_DOCUMENTATION_COMMENTS = YES;
				CLANG_WARN_EMPTY_BODY = YES;
				CLANG_WARN_ENUM_CONVERSION = YES;
				CLANG_WARN_INFINITE_RECURSION = YES;
				CLANG_WARN_INT_CONVERSION = YES;
				CLANG_WARN_NON_LITERAL_NULL_CONVERSION = YES;
				CLANG_WARN_OBJC_IMPLICIT_RETAIN_SELF = YES;
				CLANG_WARN_OBJC_LITERAL_CONVERSION = YES;
				CLANG_WARN_OBJC_ROOT_CLASS = YES_ERROR;
				CLANG_WARN_QUOTED_INCLUDE_IN_FRAMEWORK_HEADER = YES;
				CLANG_WARN_RANGE_LOOP_ANALYSIS = YES;
				CLANG_WARN_STRICT_PROTOTYPES = YES;
				CLANG_WARN_SUSPICIOUS_MOVE = YES;
				CLANG_WARN_UNGUARDED_AVAILABILITY = YES_AGGRESSIVE;
				CLANG_WARN_UNREACHABLE_CODE = YES;
				CLANG_WARN__DUPLICATE_METHOD_MATCH = YES;
				COPY_PHASE_STRIP = NO;
				DEBUG_INFORMATION_FORMAT = dwarf;
				ENABLE_STRICT_OBJC_MSGSEND = YES;
				ENABLE_TESTABILITY = YES;
				GCC_C_LANGUAGE_STANDARD = gnu11;
				GCC_DYNAMIC_NO_PIC = NO;
				GCC_NO_COMMON_BLOCKS = YES;
				GCC_OPTIMIZATION_LEVEL = 0;
				GCC_PREPROCESSOR_DEFINITIONS = (
					"DEBUG=1",
					"$(inherited)",
				);
				GCC_WARN_64_TO_32_BIT_CONVERSION = YES;
				GCC_WARN_ABOUT_RETURN_TYPE = YES_ERROR;
				GCC_WARN_UNDECLARED_SELECTOR = YES;
				GCC_WARN_UNINITIALIZED_AUTOS = YES_AGGRESSIVE;
				GCC_WARN_UNUSED_FUNCTION = YES;
				GCC_WARN_UNUSED_VARIABLE = YES;
				IPHONEOS_DEPLOYMENT_TARGET = 15.4;
				MTL_ENABLE_DEBUG_INFO = INCLUDE_SOURCE;
				MTL_FAST_MATH = YES;
				ONLY_ACTIVE_ARCH = YES;
				SDKROOT = iphoneos;
				SWIFT_ACTIVE_COMPILATION_CONDITIONS = DEBUG;
				SWIFT_OPTIMIZATION_LEVEL = "-Onone";
			};
			name = Debug;
		};
		92BBADFA2A6E9BF000DB50F2 /* Release */ = {
			isa = XCBuildConfiguration;
			buildSettings = {
				ALWAYS_SEARCH_USER_PATHS = NO;
				CLANG_ANALYZER_NONNULL = YES;
				CLANG_ANALYZER_NUMBER_OBJECT_CONVERSION = YES_AGGRESSIVE;
				CLANG_CXX_LANGUAGE_STANDARD = "gnu++17";
				CLANG_ENABLE_MODULES = YES;
				CLANG_ENABLE_OBJC_ARC = YES;
				CLANG_ENABLE_OBJC_WEAK = YES;
				CLANG_WARN_BLOCK_CAPTURE_AUTORELEASING = YES;
				CLANG_WARN_BOOL_CONVERSION = YES;
				CLANG_WARN_COMMA = YES;
				CLANG_WARN_CONSTANT_CONVERSION = YES;
				CLANG_WARN_DEPRECATED_OBJC_IMPLEMENTATIONS = YES;
				CLANG_WARN_DIRECT_OBJC_ISA_USAGE = YES_ERROR;
				CLANG_WARN_DOCUMENTATION_COMMENTS = YES;
				CLANG_WARN_EMPTY_BODY = YES;
				CLANG_WARN_ENUM_CONVERSION = YES;
				CLANG_WARN_INFINITE_RECURSION = YES;
				CLANG_WARN_INT_CONVERSION = YES;
				CLANG_WARN_NON_LITERAL_NULL_CONVERSION = YES;
				CLANG_WARN_OBJC_IMPLICIT_RETAIN_SELF = YES;
				CLANG_WARN_OBJC_LITERAL_CONVERSION = YES;
				CLANG_WARN_OBJC_ROOT_CLASS = YES_ERROR;
				CLANG_WARN_QUOTED_INCLUDE_IN_FRAMEWORK_HEADER = YES;
				CLANG_WARN_RANGE_LOOP_ANALYSIS = YES;
				CLANG_WARN_STRICT_PROTOTYPES = YES;
				CLANG_WARN_SUSPICIOUS_MOVE = YES;
				CLANG_WARN_UNGUARDED_AVAILABILITY = YES_AGGRESSIVE;
				CLANG_WARN_UNREACHABLE_CODE = YES;
				CLANG_WARN__DUPLICATE_METHOD_MATCH = YES;
				COPY_PHASE_STRIP = NO;
				DEBUG_INFORMATION_FORMAT = "dwarf-with-dsym";
				ENABLE_NS_ASSERTIONS = NO;
				ENABLE_STRICT_OBJC_MSGSEND = YES;
				GCC_C_LANGUAGE_STANDARD = gnu11;
				GCC_NO_COMMON_BLOCKS = YES;
				GCC_WARN_64_TO_32_BIT_CONVERSION = YES;
				GCC_WARN_ABOUT_RETURN_TYPE = YES_ERROR;
				GCC_WARN_UNDECLARED_SELECTOR = YES;
				GCC_WARN_UNINITIALIZED_AUTOS = YES_AGGRESSIVE;
				GCC_WARN_UNUSED_FUNCTION = YES;
				GCC_WARN_UNUSED_VARIABLE = YES;
				IPHONEOS_DEPLOYMENT_TARGET = 15.4;
				MTL_ENABLE_DEBUG_INFO = NO;
				MTL_FAST_MATH = YES;
				SDKROOT = iphoneos;
				SWIFT_COMPILATION_MODE = wholemodule;
				SWIFT_OPTIMIZATION_LEVEL = "-O";
				VALIDATE_PRODUCT = YES;
			};
			name = Release;
		};
		92BBADFC2A6E9BF000DB50F2 /* Debug */ = {
			isa = XCBuildConfiguration;
			buildSettings = {
				ASSETCATALOG_COMPILER_APPICON_NAME = AppIcon;
				ASSETCATALOG_COMPILER_GLOBAL_ACCENT_COLOR_NAME = AccentColor;
				CODE_SIGN_STYLE = Automatic;
				CURRENT_PROJECT_VERSION = 1;
				DEVELOPMENT_ASSET_PATHS = "\"Expence Tracker/Preview Content\"";
				ENABLE_PREVIEWS = YES;
				GENERATE_INFOPLIST_FILE = YES;
				INFOPLIST_KEY_UIApplicationSceneManifest_Generation = YES;
				INFOPLIST_KEY_UIApplicationSupportsIndirectInputEvents = YES;
				INFOPLIST_KEY_UILaunchScreen_Generation = YES;
				INFOPLIST_KEY_UISupportedInterfaceOrientations_iPad = "UIInterfaceOrientationPortrait UIInterfaceOrientationPortraitUpsideDown UIInterfaceOrientationLandscapeLeft UIInterfaceOrientationLandscapeRight";
				INFOPLIST_KEY_UISupportedInterfaceOrientations_iPhone = "UIInterfaceOrientationPortrait UIInterfaceOrientationLandscapeLeft UIInterfaceOrientationLandscapeRight";
				LD_RUNPATH_SEARCH_PATHS = (
					"$(inherited)",
					"@executable_path/Frameworks",
				);
				MARKETING_VERSION = 1.0;
				PRODUCT_BUNDLE_IDENTIFIER = "com.example.Expence-Tracker";
				PRODUCT_NAME = "$(TARGET_NAME)";
				SWIFT_EMIT_LOC_STRINGS = YES;
				SWIFT_VERSION = 5.0;
				TARGETED_DEVICE_FAMILY = "1,2";
			};
			name = Debug;
		};
		92BBADFD2A6E9BF000DB50F2 /* Release */ = {
			isa = XCBuildConfiguration;
			buildSettings = {
				ASSETCATALOG_COMPILER_APPICON_NAME = AppIcon;
				ASSETCATALOG_COMPILER_GLOBAL_ACCENT_COLOR_NAME = AccentColor;
				CODE_SIGN_STYLE = Automatic;
				CURRENT_PROJECT_VERSION = 1;
				DEVELOPMENT_ASSET_PATHS = "\"Expence Tracker/Preview Content\"";
				ENABLE_PREVIEWS = YES;
				GENERATE_INFOPLIST_FILE = YES;
				INFOPLIST_KEY_UIApplicationSceneManifest_Generation = YES;
				INFOPLIST_KEY_UIApplicationSupportsIndirectInputEvents = YES;
				INFOPLIST_KEY_UILaunchScreen_Generation = YES;
				INFOPLIST_KEY_UISupportedInterfaceOrientations_iPad = "UIInterfaceOrientationPortrait UIInterfaceOrientationPortraitUpsideDown UIInterfaceOrientationLandscapeLeft UIInterfaceOrientationLandscapeRight";
				INFOPLIST_KEY_UISupportedInterfaceOrientations_iPhone = "UIInterfaceOrientationPortrait UIInterfaceOrientationLandscapeLeft UIInterfaceOrientationLandscapeRight";
				LD_RUNPATH_SEARCH_PATHS = (
					"$(inherited)",
					"@executable_path/Frameworks",
				);
				MARKETING_VERSION = 1.0;
				PRODUCT_BUNDLE_IDENTIFIER = "com.example.Expence-Tracker";
				PRODUCT_NAME = "$(TARGET_NAME)";
				SWIFT_EMIT_LOC_STRINGS = YES;
				SWIFT_VERSION = 5.0;
				TARGETED_DEVICE_FAMILY = "1,2";
			};
			name = Release;
		};
/* End XCBuildConfiguration section */

/* Begin XCConfigurationList section */
		92BBADE82A6E9BEA00DB50F2 /* Build configuration list for PBXProject "Expence Tracker" */ = {
			isa = XCConfigurationList;
			buildConfigurations = (
				92BBADF92A6E9BF000DB50F2 /* Debug */,
				92BBADFA2A6E9BF000DB50F2 /* Release */,
			);
			defaultConfigurationIsVisible = 0;
			defaultConfigurationName = Release;
		};
		92BBADFB2A6E9BF000DB50F2 /* Build configuration list for PBXNativeTarget "Expence Tracker" */ = {
			isa = XCConfigurationList;
			buildConfigurations = (
				92BBADFC2A6E9BF000DB50F2 /* Debug */,
				92BBADFD2A6E9BF000DB50F2 /* Release */,
			);
			defaultConfigurationIsVisible = 0;
			defaultConfigurationName = Release;
		};
/* End XCConfigurationList section */
	};
	rootObject = 92BBADE52A6E9BEA00DB50F2 /* Project object */;
}
